
Microsoft Visual Studio Solution File, Format Version 12.00
# Visual Studio Version 17
VisualStudioVersion = 17.9.34622.214
MinimumVisualStudioVersion = 10.0.40219.1
Project("{FAE04EC0-301F-11D3-BF4B-00C04F79EFBC}") = "ExelPro", "ExelPro.csproj", "{77FC343F-870C-42F8-96F2-764018873E01}"
EndProject
Global
	GlobalSection(SolutionConfigurationPlatforms) = preSolution
		Debug|Any CPU = Debug|Any CPU
		Release|Any CPU = Release|Any CPU
	EndGlobalSection
	GlobalSection(ProjectConfigurationPlatforms) = postSolution
		{77FC343F-870C-42F8-96F2-764018873E01}.Debug|Any CPU.ActiveCfg = Debug|Any CPU
		{77FC343F-870C-42F8-96F2-764018873E01}.Debug|Any CPU.Build.0 = Debug|Any CPU
		{77FC343F-870C-42F8-96F2-764018873E01}.Release|Any CPU.ActiveCfg = Release|Any CPU
		{77FC343F-870C-42F8-96F2-764018873E01}.Release|Any CPU.Build.0 = Release|Any CPU
	EndGlobalSection
	GlobalSection(SolutionProperties) = preSolution
		HideSolutionNode = FALSE
	EndGlobalSection
	GlobalSection(ExtensibilityGlobals) = postSolution
		SolutionGuid = {3F135CE8-094F-44D2-B689-704F2BD43C80}
	EndGlobalSection
EndGlobal
